
Microsoft Visual Studio Solution File, Format Version 12.00
# Visual Studio Version 17
VisualStudioVersion = 17.10.34928.147
MinimumVisualStudioVersion = 10.0.40219.1
Project("{FAE04EC0-301F-11D3-BF4B-00C04F79EFBC}") = "EF", "EF\EF.csproj", "{A966914C-A6E1-48B4-9AED-BD54836AC45F}"
EndProject
Global
	GlobalSection(SolutionConfigurationPlatforms) = preSolution
		Debug|Any CPU = Debug|Any CPU
		Release|Any CPU = Release|Any CPU
	EndGlobalSection
	GlobalSection(ProjectConfigurationPlatforms) = postSolution
		{A966914C-A6E1-48B4-9AED-BD54836AC45F}.Debug|Any CPU.ActiveCfg = Debug|Any CPU
		{A966914C-A6E1-48B4-9AED-BD54836AC45F}.Debug|Any CPU.Build.0 = Debug|Any CPU
		{A966914C-A6E1-48B4-9AED-BD54836AC45F}.Release|Any CPU.ActiveCfg = Release|Any CPU
		{A966914C-A6E1-48B4-9AED-BD54836AC45F}.Release|Any CPU.Build.0 = Release|Any CPU
	EndGlobalSection
	GlobalSection(SolutionProperties) = preSolution
		HideSolutionNode = FALSE
	EndGlobalSection
	GlobalSection(ExtensibilityGlobals) = postSolution
		SolutionGuid = {D67E6AA9-D53E-4EBC-8711-2C6DF8511D5F}
	EndGlobalSection
EndGlobal
